// !$*UTF8*$!
{
	archiveVersion = 1;
	classes = {
	};
	objectVersion = 46;
	objects = {

/* Begin PBXBuildFile section */
		583A15A218582BE400BB6365 /* Foundation.framework in Frameworks */ = {isa = PBXBuildFile; fileRef = 583A15A118582BE400BB6365 /* Foundation.framework */; };
		583A15A418582BE400BB6365 /* CoreGraphics.framework in Frameworks */ = {isa = PBXBuildFile; fileRef = 583A15A318582BE400BB6365 /* CoreGraphics.framework */; };
		583A15A618582BE400BB6365 /* UIKit.framework in Frameworks */ = {isa = PBXBuildFile; fileRef = 583A15A518582BE400BB6365 /* UIKit.framework */; };
		583A15AC18582BE400BB6365 /* InfoPlist.strings in Resources */ = {isa = PBXBuildFile; fileRef = 583A15AA18582BE400BB6365 /* InfoPlist.strings */; };
		583A15AE18582BE400BB6365 /* main.m in Sources */ = {isa = PBXBuildFile; fileRef = 583A15AD18582BE400BB6365 /* main.m */; };
		583A15B218582BE400BB6365 /* cardGameAppDelegate.m in Sources */ = {isa = PBXBuildFile; fileRef = 583A15B118582BE400BB6365 /* cardGameAppDelegate.m */; };
		583A15B518582BE400BB6365 /* Main.storyboard in Resources */ = {isa = PBXBuildFile; fileRef = 583A15B318582BE400BB6365 /* Main.storyboard */; };
		583A15B818582BE400BB6365 /* cardGameViewController.m in Sources */ = {isa = PBXBuildFile; fileRef = 583A15B718582BE400BB6365 /* cardGameViewController.m */; };
		583A15BA18582BE400BB6365 /* Images.xcassets in Resources */ = {isa = PBXBuildFile; fileRef = 583A15B918582BE400BB6365 /* Images.xcassets */; };
		583A15C118582BE400BB6365 /* XCTest.framework in Frameworks */ = {isa = PBXBuildFile; fileRef = 583A15C018582BE400BB6365 /* XCTest.framework */; };
		583A15C218582BE400BB6365 /* Foundation.framework in Frameworks */ = {isa = PBXBuildFile; fileRef = 583A15A118582BE400BB6365 /* Foundation.framework */; };
		583A15C318582BE400BB6365 /* UIKit.framework in Frameworks */ = {isa = PBXBuildFile; fileRef = 583A15A518582BE400BB6365 /* UIKit.framework */; };
		583A15CB18582BE400BB6365 /* InfoPlist.strings in Resources */ = {isa = PBXBuildFile; fileRef = 583A15C918582BE400BB6365 /* InfoPlist.strings */; };
		583A15CD18582BE400BB6365 /* MatchCardsTests.m in Sources */ = {isa = PBXBuildFile; fileRef = 583A15CC18582BE400BB6365 /* MatchCardsTests.m */; };
		583A15D818582FDA00BB6365 /* Card.m in Sources */ = {isa = PBXBuildFile; fileRef = 583A15D718582FDA00BB6365 /* Card.m */; };
		583A15DC1858348000BB6365 /* Deck.m in Sources */ = {isa = PBXBuildFile; fileRef = 583A15DB1858348000BB6365 /* Deck.m */; };
		583A15DF18583BC400BB6365 /* PlayingCard.m in Sources */ = {isa = PBXBuildFile; fileRef = 583A15DE18583BC400BB6365 /* PlayingCard.m */; };
		583A15E21858496A00BB6365 /* PlayingCardDeck.m in Sources */ = {isa = PBXBuildFile; fileRef = 583A15E11858496A00BB6365 /* PlayingCardDeck.m */; };
		583A15E5185858BC00BB6365 /* cardMatchingGame.m in Sources */ = {isa = PBXBuildFile; fileRef = 583A15E4185858BC00BB6365 /* cardMatchingGame.m */; };
		588433FF186817A300237B20 /* SGCard.m in Sources */ = {isa = PBXBuildFile; fileRef = 588433FE186817A300237B20 /* SGCard.m */; };
		588434021868189000237B20 /* SGCardDeck.m in Sources */ = {isa = PBXBuildFile; fileRef = 588434011868189000237B20 /* SGCardDeck.m */; };
		5884B91F18647D4500713146 /* SetGameViewController.m in Sources */ = {isa = PBXBuildFile; fileRef = 5884B91E18647D4500713146 /* SetGameViewController.m */; };
/* End PBXBuildFile section */

/* Begin PBXContainerItemProxy section */
		583A15C418582BE400BB6365 /* PBXContainerItemProxy */ = {
			isa = PBXContainerItemProxy;
			containerPortal = 583A159618582BE400BB6365 /* Project object */;
			proxyType = 1;
			remoteGlobalIDString = 583A159D18582BE400BB6365;
			remoteInfo = MatchCards;
		};
/* End PBXContainerItemProxy section */

/* Begin PBXFileReference section */
		583A159E18582BE400BB6365 /* MatchCards.app */ = {isa = PBXFileReference; explicitFileType = wrapper.application; includeInIndex = 0; path = MatchCards.app; sourceTree = BUILT_PRODUCTS_DIR; };
		583A15A118582BE400BB6365 /* Foundation.framework */ = {isa = PBXFileReference; lastKnownFileType = wrapper.framework; name = Foundation.framework; path = System/Library/Frameworks/Foundation.framework; sourceTree = SDKROOT; };
		583A15A318582BE400BB6365 /* CoreGraphics.framework */ = {isa = PBXFileReference; lastKnownFileType = wrapper.framework; name = CoreGraphics.framework; path = System/Library/Frameworks/CoreGraphics.framework; sourceTree = SDKROOT; };
		583A15A518582BE400BB6365 /* UIKit.framework */ = {isa = PBXFileReference; lastKnownFileType = wrapper.framework; name = UIKit.framework; path = System/Library/Frameworks/UIKit.framework; sourceTree = SDKROOT; };
		583A15A918582BE400BB6365 /* MatchCards-Info.plist */ = {isa = PBXFileReference; lastKnownFileType = text.plist.xml; path = "MatchCards-Info.plist"; sourceTree = "<group>"; };
		583A15AB18582BE400BB6365 /* en */ = {isa = PBXFileReference; lastKnownFileType = text.plist.strings; name = en; path = en.lproj/InfoPlist.strings; sourceTree = "<group>"; };
		583A15AD18582BE400BB6365 /* main.m */ = {isa = PBXFileReference; lastKnownFileType = sourcecode.c.objc; path = main.m; sourceTree = "<group>"; };
		583A15AF18582BE400BB6365 /* MatchCards-Prefix.pch */ = {isa = PBXFileReference; lastKnownFileType = sourcecode.c.h; path = "MatchCards-Prefix.pch"; sourceTree = "<group>"; };
		583A15B018582BE400BB6365 /* cardGameAppDelegate.h */ = {isa = PBXFileReference; lastKnownFileType = sourcecode.c.h; path = cardGameAppDelegate.h; sourceTree = "<group>"; };
		583A15B118582BE400BB6365 /* cardGameAppDelegate.m */ = {isa = PBXFileReference; lastKnownFileType = sourcecode.c.objc; path = cardGameAppDelegate.m; sourceTree = "<group>"; };
		583A15B418582BE400BB6365 /* Base */ = {isa = PBXFileReference; lastKnownFileType = file.storyboard; name = Base; path = Base.lproj/Main.storyboard; sourceTree = "<group>"; };
		583A15B618582BE400BB6365 /* cardGameViewController.h */ = {isa = PBXFileReference; lastKnownFileType = sourcecode.c.h; path = cardGameViewController.h; sourceTree = "<group>"; };
		583A15B718582BE400BB6365 /* cardGameViewController.m */ = {isa = PBXFileReference; lastKnownFileType = sourcecode.c.objc; path = cardGameViewController.m; sourceTree = "<group>"; };
		583A15B918582BE400BB6365 /* Images.xcassets */ = {isa = PBXFileReference; lastKnownFileType = folder.assetcatalog; path = Images.xcassets; sourceTree = "<group>"; };
		583A15BF18582BE400BB6365 /* MatchCardsTests.xctest */ = {isa = PBXFileReference; explicitFileType = wrapper.cfbundle; includeInIndex = 0; path = MatchCardsTests.xctest; sourceTree = BUILT_PRODUCTS_DIR; };
		583A15C018582BE400BB6365 /* XCTest.framework */ = {isa = PBXFileReference; lastKnownFileType = wrapper.framework; name = XCTest.framework; path = Library/Frameworks/XCTest.framework; sourceTree = DEVELOPER_DIR; };
		583A15C818582BE400BB6365 /* MatchCardsTests-Info.plist */ = {isa = PBXFileReference; lastKnownFileType = text.plist.xml; path = "MatchCardsTests-Info.plist"; sourceTree = "<group>"; };
		583A15CA18582BE400BB6365 /* en */ = {isa = PBXFileReference; lastKnownFileType = text.plist.strings; name = en; path = en.lproj/InfoPlist.strings; sourceTree = "<group>"; };
		583A15CC18582BE400BB6365 /* MatchCardsTests.m */ = {isa = PBXFileReference; lastKnownFileType = sourcecode.c.objc; path = MatchCardsTests.m; sourceTree = "<group>"; };
		583A15D618582FDA00BB6365 /* Card.h */ = {isa = PBXFileReference; fileEncoding = 4; lastKnownFileType = sourcecode.c.h; name = Card.h; path = model/Card.h; sourceTree = "<group>"; };
		583A15D718582FDA00BB6365 /* Card.m */ = {isa = PBXFileReference; fileEncoding = 4; lastKnownFileType = sourcecode.c.objc; name = Card.m; path = model/Card.m; sourceTree = "<group>"; };
		583A15DA1858348000BB6365 /* Deck.h */ = {isa = PBXFileReference; fileEncoding = 4; lastKnownFileType = sourcecode.c.h; name = Deck.h; path = model/Deck.h; sourceTree = "<group>"; };
		583A15DB1858348000BB6365 /* Deck.m */ = {isa = PBXFileReference; fileEncoding = 4; lastKnownFileType = sourcecode.c.objc; name = Deck.m; path = model/Deck.m; sourceTree = "<group>"; };
		583A15DD18583BC400BB6365 /* PlayingCard.h */ = {isa = PBXFileReference; fileEncoding = 4; lastKnownFileType = sourcecode.c.h; name = PlayingCard.h; path = model/PlayingCard.h; sourceTree = "<group>"; };
		583A15DE18583BC400BB6365 /* PlayingCard.m */ = {isa = PBXFileReference; fileEncoding = 4; lastKnownFileType = sourcecode.c.objc; name = PlayingCard.m; path = model/PlayingCard.m; sourceTree = "<group>"; };
		583A15E01858496A00BB6365 /* PlayingCardDeck.h */ = {isa = PBXFileReference; fileEncoding = 4; lastKnownFileType = sourcecode.c.h; name = PlayingCardDeck.h; path = model/PlayingCardDeck.h; sourceTree = "<group>"; };
		583A15E11858496A00BB6365 /* PlayingCardDeck.m */ = {isa = PBXFileReference; fileEncoding = 4; lastKnownFileType = sourcecode.c.objc; name = PlayingCardDeck.m; path = model/PlayingCardDeck.m; sourceTree = "<group>"; };
		583A15E3185858BC00BB6365 /* cardMatchingGame.h */ = {isa = PBXFileReference; fileEncoding = 4; lastKnownFileType = sourcecode.c.h; name = cardMatchingGame.h; path = model/cardMatchingGame.h; sourceTree = "<group>"; };
		583A15E4185858BC00BB6365 /* cardMatchingGame.m */ = {isa = PBXFileReference; fileEncoding = 4; lastKnownFileType = sourcecode.c.objc; name = cardMatchingGame.m; path = model/cardMatchingGame.m; sourceTree = "<group>"; };
		588433FD186817A300237B20 /* SGCard.h */ = {isa = PBXFileReference; fileEncoding = 4; lastKnownFileType = sourcecode.c.h; name = SGCard.h; path = MatchCards/model/SGCard.h; sourceTree = "<group>"; };
		588433FE186817A300237B20 /* SGCard.m */ = {isa = PBXFileReference; fileEncoding = 4; lastKnownFileType = sourcecode.c.objc; name = SGCard.m; path = MatchCards/model/SGCard.m; sourceTree = "<group>"; };
		588434001868189000237B20 /* SGCardDeck.h */ = {isa = PBXFileReference; fileEncoding = 4; lastKnownFileType = sourcecode.c.h; name = SGCardDeck.h; path = MatchCards/model/SGCardDeck.h; sourceTree = "<group>"; };
		588434011868189000237B20 /* SGCardDeck.m */ = {isa = PBXFileReference; fileEncoding = 4; lastKnownFileType = sourcecode.c.objc; name = SGCardDeck.m; path = MatchCards/model/SGCardDeck.m; sourceTree = "<group>"; };
		5884B91D18647D4500713146 /* SetGameViewController.h */ = {isa = PBXFileReference; fileEncoding = 4; lastKnownFileType = sourcecode.c.h; path = SetGameViewController.h; sourceTree = "<group>"; };
		5884B91E18647D4500713146 /* SetGameViewController.m */ = {isa = PBXFileReference; fileEncoding = 4; lastKnownFileType = sourcecode.c.objc; path = SetGameViewController.m; sourceTree = "<group>"; };
/* End PBXFileReference section */

/* Begin PBXFrameworksBuildPhase section */
		583A159B18582BE400BB6365 /* Frameworks */ = {
			isa = PBXFrameworksBuildPhase;
			buildActionMask = 2147483647;
			files = (
				583A15A418582BE400BB6365 /* CoreGraphics.framework in Frameworks */,
				583A15A618582BE400BB6365 /* UIKit.framework in Frameworks */,
				583A15A218582BE400BB6365 /* Foundation.framework in Frameworks */,
			);
			runOnlyForDeploymentPostprocessing = 0;
		};
		583A15BC18582BE400BB6365 /* Frameworks */ = {
			isa = PBXFrameworksBuildPhase;
			buildActionMask = 2147483647;
			files = (
				583A15C118582BE400BB6365 /* XCTest.framework in Frameworks */,
				583A15C318582BE400BB6365 /* UIKit.framework in Frameworks */,
				583A15C218582BE400BB6365 /* Foundation.framework in Frameworks */,
			);
			runOnlyForDeploymentPostprocessing = 0;
		};
/* End PBXFrameworksBuildPhase section */

/* Begin PBXGroup section */
		583A159518582BE400BB6365 = {
			isa = PBXGroup;
			children = (
				5884B9231864853200713146 /* SGModel */,
				583A15A718582BE400BB6365 /* MatchCards */,
				583A15C618582BE400BB6365 /* MatchCardsTests */,
				583A15A018582BE400BB6365 /* Frameworks */,
				583A159F18582BE400BB6365 /* Products */,
			);
			sourceTree = "<group>";
		};
		583A159F18582BE400BB6365 /* Products */ = {
			isa = PBXGroup;
			children = (
				583A159E18582BE400BB6365 /* MatchCards.app */,
				583A15BF18582BE400BB6365 /* MatchCardsTests.xctest */,
			);
			name = Products;
			sourceTree = "<group>";
		};
		583A15A018582BE400BB6365 /* Frameworks */ = {
			isa = PBXGroup;
			children = (
				583A15A118582BE400BB6365 /* Foundation.framework */,
				583A15A318582BE400BB6365 /* CoreGraphics.framework */,
				583A15A518582BE400BB6365 /* UIKit.framework */,
				583A15C018582BE400BB6365 /* XCTest.framework */,
			);
			name = Frameworks;
			sourceTree = "<group>";
		};
		583A15A718582BE400BB6365 /* MatchCards */ = {
			isa = PBXGroup;
			children = (
				5884B91D18647D4500713146 /* SetGameViewController.h */,
				5884B91E18647D4500713146 /* SetGameViewController.m */,
				583A15B018582BE400BB6365 /* cardGameAppDelegate.h */,
				583A15B118582BE400BB6365 /* cardGameAppDelegate.m */,
				583A15B318582BE400BB6365 /* Main.storyboard */,
				583A15D91858314C00BB6365 /* model */,
				583A15B618582BE400BB6365 /* cardGameViewController.h */,
				583A15B718582BE400BB6365 /* cardGameViewController.m */,
				583A15B918582BE400BB6365 /* Images.xcassets */,
				583A15A818582BE400BB6365 /* Supporting Files */,
			);
			path = MatchCards;
			sourceTree = "<group>";
		};
		583A15A818582BE400BB6365 /* Supporting Files */ = {
			isa = PBXGroup;
			children = (
				583A15A918582BE400BB6365 /* MatchCards-Info.plist */,
				583A15AA18582BE400BB6365 /* InfoPlist.strings */,
				583A15AD18582BE400BB6365 /* main.m */,
				583A15AF18582BE400BB6365 /* MatchCards-Prefix.pch */,
			);
			name = "Supporting Files";
			sourceTree = "<group>";
		};
		583A15C618582BE400BB6365 /* MatchCardsTests */ = {
			isa = PBXGroup;
			children = (
				583A15CC18582BE400BB6365 /* MatchCardsTests.m */,
				583A15C718582BE400BB6365 /* Supporting Files */,
			);
			path = MatchCardsTests;
			sourceTree = "<group>";
		};
		583A15C718582BE400BB6365 /* Supporting Files */ = {
			isa = PBXGroup;
			children = (
				583A15C818582BE400BB6365 /* MatchCardsTests-Info.plist */,
				583A15C918582BE400BB6365 /* InfoPlist.strings */,
			);
			name = "Supporting Files";
			sourceTree = "<group>";
		};
		583A15D91858314C00BB6365 /* model */ = {
			isa = PBXGroup;
			children = (
				583A15D618582FDA00BB6365 /* Card.h */,
				583A15D718582FDA00BB6365 /* Card.m */,
				583A15DA1858348000BB6365 /* Deck.h */,
				583A15DB1858348000BB6365 /* Deck.m */,
				583A15DD18583BC400BB6365 /* PlayingCard.h */,
				583A15DE18583BC400BB6365 /* PlayingCard.m */,
				583A15E01858496A00BB6365 /* PlayingCardDeck.h */,
				583A15E11858496A00BB6365 /* PlayingCardDeck.m */,
				583A15E3185858BC00BB6365 /* cardMatchingGame.h */,
				583A15E4185858BC00BB6365 /* cardMatchingGame.m */,
			);
			name = model;
			sourceTree = "<group>";
		};
		5884B9231864853200713146 /* SGModel */ = {
			isa = PBXGroup;
			children = (
				588433FD186817A300237B20 /* SGCard.h */,
				588433FE186817A300237B20 /* SGCard.m */,
				588434001868189000237B20 /* SGCardDeck.h */,
				588434011868189000237B20 /* SGCardDeck.m */,
			);
			name = SGModel;
			sourceTree = "<group>";
		};
/* End PBXGroup section */

/* Begin PBXNativeTarget section */
		583A159D18582BE400BB6365 /* MatchCards */ = {
			isa = PBXNativeTarget;
			buildConfigurationList = 583A15D018582BE400BB6365 /* Build configuration list for PBXNativeTarget "MatchCards" */;
			buildPhases = (
				583A159A18582BE400BB6365 /* Sources */,
				583A159B18582BE400BB6365 /* Frameworks */,
				583A159C18582BE400BB6365 /* Resources */,
			);
			buildRules = (
			);
			dependencies = (
			);
			name = MatchCards;
			productName = MatchCards;
			productReference = 583A159E18582BE400BB6365 /* MatchCards.app */;
			productType = "com.apple.product-type.application";
		};
		583A15BE18582BE400BB6365 /* MatchCardsTests */ = {
			isa = PBXNativeTarget;
			buildConfigurationList = 583A15D318582BE400BB6365 /* Build configuration list for PBXNativeTarget "MatchCardsTests" */;
			buildPhases = (
				583A15BB18582BE400BB6365 /* Sources */,
				583A15BC18582BE400BB6365 /* Frameworks */,
				583A15BD18582BE400BB6365 /* Resources */,
			);
			buildRules = (
			);
			dependencies = (
				583A15C518582BE400BB6365 /* PBXTargetDependency */,
			);
			name = MatchCardsTests;
			productName = MatchCardsTests;
			productReference = 583A15BF18582BE400BB6365 /* MatchCardsTests.xctest */;
			productType = "com.apple.product-type.bundle.unit-test";
		};
/* End PBXNativeTarget section */

/* Begin PBXProject section */
		583A159618582BE400BB6365 /* Project object */ = {
			isa = PBXProject;
			attributes = {
				CLASSPREFIX = cardGame;
				LastUpgradeCheck = 0500;
				ORGANIZATIONNAME = HCS;
				TargetAttributes = {
					583A15BE18582BE400BB6365 = {
						TestTargetID = 583A159D18582BE400BB6365;
					};
				};
			};
			buildConfigurationList = 583A159918582BE400BB6365 /* Build configuration list for PBXProject "MatchCards" */;
			compatibilityVersion = "Xcode 3.2";
			developmentRegion = English;
			hasScannedForEncodings = 0;
			knownRegions = (
				en,
				Base,
			);
			mainGroup = 583A159518582BE400BB6365;
			productRefGroup = 583A159F18582BE400BB6365 /* Products */;
			projectDirPath = "";
			projectRoot = "";
			targets = (
				583A159D18582BE400BB6365 /* MatchCards */,
				583A15BE18582BE400BB6365 /* MatchCardsTests */,
			);
		};
/* End PBXProject section */

/* Begin PBXResourcesBuildPhase section */
		583A159C18582BE400BB6365 /* Resources */ = {
			isa = PBXResourcesBuildPhase;
			buildActionMask = 2147483647;
			files = (
				583A15BA18582BE400BB6365 /* Images.xcassets in Resources */,
				583A15AC18582BE400BB6365 /* InfoPlist.strings in Resources */,
				583A15B518582BE400BB6365 /* Main.storyboard in Resources */,
			);
			runOnlyForDeploymentPostprocessing = 0;
		};
		583A15BD18582BE400BB6365 /* Resources */ = {
			isa = PBXResourcesBuildPhase;
			buildActionMask = 2147483647;
			files = (
				583A15CB18582BE400BB6365 /* InfoPlist.strings in Resources */,
			);
			runOnlyForDeploymentPostprocessing = 0;
		};
/* End PBXResourcesBuildPhase section */

/* Begin PBXSourcesBuildPhase section */
		583A159A18582BE400BB6365 /* Sources */ = {
			isa = PBXSourcesBuildPhase;
			buildActionMask = 2147483647;
			files = (
				583A15DF18583BC400BB6365 /* PlayingCard.m in Sources */,
				583A15DC1858348000BB6365 /* Deck.m in Sources */,
				583A15B818582BE400BB6365 /* cardGameViewController.m in Sources */,
				583A15B218582BE400BB6365 /* cardGameAppDelegate.m in Sources */,
				583A15E5185858BC00BB6365 /* cardMatchingGame.m in Sources */,
				588433FF186817A300237B20 /* SGCard.m in Sources */,
				583A15E21858496A00BB6365 /* PlayingCardDeck.m in Sources */,
				583A15AE18582BE400BB6365 /* main.m in Sources */,
				588434021868189000237B20 /* SGCardDeck.m in Sources */,
				583A15D818582FDA00BB6365 /* Card.m in Sources */,
				5884B91F18647D4500713146 /* SetGameViewController.m in Sources */,
			);
			runOnlyForDeploymentPostprocessing = 0;
		};
		583A15BB18582BE400BB6365 /* Sources */ = {
			isa = PBXSourcesBuildPhase;
			buildActionMask = 2147483647;
			files = (
				583A15CD18582BE400BB6365 /* MatchCardsTests.m in Sources */,
			);
			runOnlyForDeploymentPostprocessing = 0;
		};
/* End PBXSourcesBuildPhase section */

/* Begin PBXTargetDependency section */
		583A15C518582BE400BB6365 /* PBXTargetDependency */ = {
			isa = PBXTargetDependency;
			target = 583A159D18582BE400BB6365 /* MatchCards */;
			targetProxy = 583A15C418582BE400BB6365 /* PBXContainerItemProxy */;
		};
/* End PBXTargetDependency section */

/* Begin PBXVariantGroup section */
		583A15AA18582BE400BB6365 /* InfoPlist.strings */ = {
			isa = PBXVariantGroup;
			children = (
				583A15AB18582BE400BB6365 /* en */,
			);
			name = InfoPlist.strings;
			sourceTree = "<group>";
		};
		583A15B318582BE400BB6365 /* Main.storyboard */ = {
			isa = PBXVariantGroup;
			children = (
				583A15B418582BE400BB6365 /* Base */,
			);
			name = Main.storyboard;
			sourceTree = "<group>";
		};
		583A15C918582BE400BB6365 /* InfoPlist.strings */ = {
			isa = PBXVariantGroup;
			children = (
				583A15CA18582BE400BB6365 /* en */,
			);
			name = InfoPlist.strings;
			sourceTree = "<group>";
		};
/* End PBXVariantGroup section */

/* Begin XCBuildConfiguration section */
		583A15CE18582BE400BB6365 /* Debug */ = {
			isa = XCBuildConfiguration;
			buildSettings = {
				ALWAYS_SEARCH_USER_PATHS = NO;
				ARCHS = "$(ARCHS_STANDARD_INCLUDING_64_BIT)";
				CLANG_CXX_LANGUAGE_STANDARD = "gnu++0x";
				CLANG_CXX_LIBRARY = "libc++";
				CLANG_ENABLE_MODULES = YES;
				CLANG_ENABLE_OBJC_ARC = YES;
				CLANG_WARN_BOOL_CONVERSION = YES;
				CLANG_WARN_CONSTANT_CONVERSION = YES;
				CLANG_WARN_DIRECT_OBJC_ISA_USAGE = YES_ERROR;
				CLANG_WARN_EMPTY_BODY = YES;
				CLANG_WARN_ENUM_CONVERSION = YES;
				CLANG_WARN_INT_CONVERSION = YES;
				CLANG_WARN_OBJC_ROOT_CLASS = YES_ERROR;
				CLANG_WARN__DUPLICATE_METHOD_MATCH = YES;
				"CODE_SIGN_IDENTITY[sdk=iphoneos*]" = "iPhone Developer";
				COPY_PHASE_STRIP = NO;
				GCC_C_LANGUAGE_STANDARD = gnu99;
				GCC_DYNAMIC_NO_PIC = NO;
				GCC_OPTIMIZATION_LEVEL = 0;
				GCC_PREPROCESSOR_DEFINITIONS = (
					"DEBUG=1",
					"$(inherited)",
				);
				GCC_SYMBOLS_PRIVATE_EXTERN = NO;
				GCC_WARN_64_TO_32_BIT_CONVERSION = YES;
				GCC_WARN_ABOUT_RETURN_TYPE = YES_ERROR;
				GCC_WARN_UNDECLARED_SELECTOR = YES;
				GCC_WARN_UNINITIALIZED_AUTOS = YES;
				GCC_WARN_UNUSED_FUNCTION = YES;
				GCC_WARN_UNUSED_VARIABLE = YES;
				IPHONEOS_DEPLOYMENT_TARGET = 7.0;
				ONLY_ACTIVE_ARCH = YES;
				SDKROOT = iphoneos;
			};
			name = Debug;
		};
		583A15CF18582BE400BB6365 /* Release */ = {
			isa = XCBuildConfiguration;
			buildSettings = {
				ALWAYS_SEARCH_USER_PATHS = NO;
				ARCHS = "$(ARCHS_STANDARD_INCLUDING_64_BIT)";
				CLANG_CXX_LANGUAGE_STANDARD = "gnu++0x";
				CLANG_CXX_LIBRARY = "libc++";
				CLANG_ENABLE_MODULES = YES;
				CLANG_ENABLE_OBJC_ARC = YES;
				CLANG_WARN_BOOL_CONVERSION = YES;
				CLANG_WARN_CONSTANT_CONVERSION = YES;
				CLANG_WARN_DIRECT_OBJC_ISA_USAGE = YES_ERROR;
				CLANG_WARN_EMPTY_BODY = YES;
				CLANG_WARN_ENUM_CONVERSION = YES;
				CLANG_WARN_INT_CONVERSION = YES;
				CLANG_WARN_OBJC_ROOT_CLASS = YES_ERROR;
				CLANG_WARN__DUPLICATE_METHOD_MATCH = YES;
				"CODE_SIGN_IDENTITY[sdk=iphoneos*]" = "iPhone Developer";
				COPY_PHASE_STRIP = YES;
				ENABLE_NS_ASSERTIONS = NO;
				GCC_C_LANGUAGE_STANDARD = gnu99;
				GCC_WARN_64_TO_32_BIT_CONVERSION = YES;
				GCC_WARN_ABOUT_RETURN_TYPE = YES_ERROR;
				GCC_WARN_UNDECLARED_SELECTOR = YES;
				GCC_WARN_UNINITIALIZED_AUTOS = YES;
				GCC_WARN_UNUSED_FUNCTION = YES;
				GCC_WARN_UNUSED_VARIABLE = YES;
				IPHONEOS_DEPLOYMENT_TARGET = 7.0;
				SDKROOT = iphoneos;
				VALIDATE_PRODUCT = YES;
			};
			name = Release;
		};
		583A15D118582BE400BB6365 /* Debug */ = {
			isa = XCBuildConfiguration;
			buildSettings = {
				ASSETCATALOG_COMPILER_APPICON_NAME = AppIcon;
				ASSETCATALOG_COMPILER_LAUNCHIMAGE_NAME = LaunchImage;
				GCC_PRECOMPILE_PREFIX_HEADER = YES;
				GCC_PREFIX_HEADER = "MatchCards/MatchCards-Prefix.pch";
				INFOPLIST_FILE = "MatchCards/MatchCards-Info.plist";
				PRODUCT_NAME = "$(TARGET_NAME)";
				WRAPPER_EXTENSION = app;
			};
			name = Debug;
		};
		583A15D218582BE400BB6365 /* Release */ = {
			isa = XCBuildConfiguration;
			buildSettings = {
				ASSETCATALOG_COMPILER_APPICON_NAME = AppIcon;
				ASSETCATALOG_COMPILER_LAUNCHIMAGE_NAME = LaunchImage;
				GCC_PRECOMPILE_PREFIX_HEADER = YES;
				GCC_PREFIX_HEADER = "MatchCards/MatchCards-Prefix.pch";
				INFOPLIST_FILE = "MatchCards/MatchCards-Info.plist";
				PRODUCT_NAME = "$(TARGET_NAME)";
				WRAPPER_EXTENSION = app;
			};
			name = Release;
		};
		583A15D418582BE400BB6365 /* Debug */ = {
			isa = XCBuildConfiguration;
			buildSettings = {
				ARCHS = "$(ARCHS_STANDARD_INCLUDING_64_BIT)";
				BUNDLE_LOADER = "$(BUILT_PRODUCTS_DIR)/MatchCards.app/MatchCards";
				FRAMEWORK_SEARCH_PATHS = (
					"$(SDKROOT)/Developer/Library/Frameworks",
					"$(inherited)",
					"$(DEVELOPER_FRAMEWORKS_DIR)",
				);
				GCC_PRECOMPILE_PREFIX_HEADER = YES;
				GCC_PREFIX_HEADER = "MatchCards/MatchCards-Prefix.pch";
				GCC_PREPROCESSOR_DEFINITIONS = (
					"DEBUG=1",
					"$(inherited)",
				);
				INFOPLIST_FILE = "MatchCardsTests/MatchCardsTests-Info.plist";
				PRODUCT_NAME = "$(TARGET_NAME)";
				TEST_HOST = "$(BUNDLE_LOADER)";
				WRAPPER_EXTENSION = xctest;
			};
			name = Debug;
		};
		583A15D518582BE400BB6365 /* Release */ = {
			isa = XCBuildConfiguration;
			buildSettings = {
				ARCHS = "$(ARCHS_STANDARD_INCLUDING_64_BIT)";
				BUNDLE_LOADER = "$(BUILT_PRODUCTS_DIR)/MatchCards.app/MatchCards";
				FRAMEWORK_SEARCH_PATHS = (
					"$(SDKROOT)/Developer/Library/Frameworks",
					"$(inherited)",
					"$(DEVELOPER_FRAMEWORKS_DIR)",
				);
				GCC_PRECOMPILE_PREFIX_HEADER = YES;
				GCC_PREFIX_HEADER = "MatchCards/MatchCards-Prefix.pch";
				INFOPLIST_FILE = "MatchCardsTests/MatchCardsTests-Info.plist";
				PRODUCT_NAME = "$(TARGET_NAME)";
				TEST_HOST = "$(BUNDLE_LOADER)";
				WRAPPER_EXTENSION = xctest;
			};
			name = Release;
		};
/* End XCBuildConfiguration section */

/* Begin XCConfigurationList section */
		583A159918582BE400BB6365 /* Build configuration list for PBXProject "MatchCards" */ = {
			isa = XCConfigurationList;
			buildConfigurations = (
				583A15CE18582BE400BB6365 /* Debug */,
				583A15CF18582BE400BB6365 /* Release */,
			);
			defaultConfigurationIsVisible = 0;
			defaultConfigurationName = Release;
		};
		583A15D018582BE400BB6365 /* Build configuration list for PBXNativeTarget "MatchCards" */ = {
			isa = XCConfigurationList;
			buildConfigurations = (
				583A15D118582BE400BB6365 /* Debug */,
				583A15D218582BE400BB6365 /* Release */,
			);
			defaultConfigurationIsVisible = 0;
			defaultConfigurationName = Release;
		};
		583A15D318582BE400BB6365 /* Build configuration list for PBXNativeTarget "MatchCardsTests" */ = {
			isa = XCConfigurationList;
			buildConfigurations = (
				583A15D418582BE400BB6365 /* Debug */,
				583A15D518582BE400BB6365 /* Release */,
			);
			defaultConfigurationIsVisible = 0;
			defaultConfigurationName = Release;
		};
/* End XCConfigurationList section */
	};
	rootObject = 583A159618582BE400BB6365 /* Project object */;
}
